
Microsoft Visual Studio Solution File, Format Version 12.00
# Visual Studio Version 16
VisualStudioVersion = 16.0.30204.135
MinimumVisualStudioVersion = 10.0.40219.1
Project("{FAE04EC0-301F-11D3-BF4B-00C04F79EFBC}") = "sc2test", "sc2test.csproj", "{8CA65F74-5A83-4F44-8623-2D6C63D72A67}"
EndProject
Global
	GlobalSection(SolutionConfigurationPlatforms) = preSolution
		Debug|Any CPU = Debug|Any CPU
		Release|Any CPU = Release|Any CPU
	EndGlobalSection
	GlobalSection(ProjectConfigurationPlatforms) = postSolution
		{8CA65F74-5A83-4F44-8623-2D6C63D72A67}.Debug|Any CPU.ActiveCfg = Debug|Any CPU
		{8CA65F74-5A83-4F44-8623-2D6C63D72A67}.Debug|Any CPU.Build.0 = Debug|Any CPU
		{8CA65F74-5A83-4F44-8623-2D6C63D72A67}.Release|Any CPU.ActiveCfg = Release|Any CPU
		{8CA65F74-5A83-4F44-8623-2D6C63D72A67}.Release|Any CPU.Build.0 = Release|Any CPU
	EndGlobalSection
	GlobalSection(SolutionProperties) = preSolution
		HideSolutionNode = FALSE
	EndGlobalSection
	GlobalSection(ExtensibilityGlobals) = postSolution
		SolutionGuid = {B4644D28-C24F-4F7F-8BCB-61B396FE66FE}
	EndGlobalSection
EndGlobal
